
Microsoft Visual Studio Solution File, Format Version 12.00
# Visual Studio 14
VisualStudioVersion = 14.0.24720.0
MinimumVisualStudioVersion = 10.0.40219.1
Project("{9092AA53-FB77-4645-B42D-1CCCA6BD08BD}") = "NewsWatcher", "NewsWatcher\NewsWatcher.njsproj", "{2627DE4B-49B2-4F13-9414-50439C578B1A}"
EndProject
Project("{9092AA53-FB77-4645-B42D-1CCCA6BD08BD}") = "newswatcherTest", "newswatcherTest\newswatcherTest.njsproj", "{25CE4EA3-030F-4707-9DED-E0D2996789AE}"
EndProject
Global
	GlobalSection(SolutionConfigurationPlatforms) = preSolution
		Debug|Any CPU = Debug|Any CPU
		Release|Any CPU = Release|Any CPU
	EndGlobalSection
	GlobalSection(ProjectConfigurationPlatforms) = postSolution
		{2627DE4B-49B2-4F13-9414-50439C578B1A}.Debug|Any CPU.ActiveCfg = Debug|Any CPU
		{2627DE4B-49B2-4F13-9414-50439C578B1A}.Debug|Any CPU.Build.0 = Debug|Any CPU
		{2627DE4B-49B2-4F13-9414-50439C578B1A}.Release|Any CPU.ActiveCfg = Release|Any CPU
		{2627DE4B-49B2-4F13-9414-50439C578B1A}.Release|Any CPU.Build.0 = Release|Any CPU
		{25CE4EA3-030F-4707-9DED-E0D2996789AE}.Debug|Any CPU.ActiveCfg = Debug|Any CPU
		{25CE4EA3-030F-4707-9DED-E0D2996789AE}.Debug|Any CPU.Build.0 = Debug|Any CPU
		{25CE4EA3-030F-4707-9DED-E0D2996789AE}.Release|Any CPU.ActiveCfg = Release|Any CPU
		{25CE4EA3-030F-4707-9DED-E0D2996789AE}.Release|Any CPU.Build.0 = Release|Any CPU
	EndGlobalSection
	GlobalSection(SolutionProperties) = preSolution
		HideSolutionNode = FALSE
	EndGlobalSection
EndGlobal
